
Microsoft Visual Studio Solution File, Format Version 12.00
# Visual Studio 14
VisualStudioVersion = 14.0.23107.0
MinimumVisualStudioVersion = 10.0.40219.1
Project("{FAE04EC0-301F-11D3-BF4B-00C04F79EFBC}") = "ODataUniversalApp", "ODataUniversalApp\ODataUniversalApp.csproj", "{B8A99324-38FB-4A08-B014-B6A1AFCB4C25}"
EndProject
Project("{FAE04EC0-301F-11D3-BF4B-00C04F79EFBC}") = "Microsoft.OData.Client.Portable", "src\Microsoft.OData.Client\Build.Portable\Microsoft.OData.Client.Portable.csproj", "{AED0DC9D-76E5-4145-AF5E-9E2F856F4D18}"
EndProject
Project("{FAE04EC0-301F-11D3-BF4B-00C04F79EFBC}") = "Microsoft.Spatial.Portable45", "src\Microsoft.Spatial\Microsoft.Spatial.Portable45.csproj", "{BE8B8A4C-F717-419A-BB33-1F7B4F92D22A}"
EndProject
Project("{FAE04EC0-301F-11D3-BF4B-00C04F79EFBC}") = "Microsoft.OData.Edm.Portable45", "src\Microsoft.OData.Edm\Microsoft.OData.Edm.Portable45.csproj", "{8087F595-537B-4D35-9093-C9A79A4D93C4}"
EndProject
Project("{FAE04EC0-301F-11D3-BF4B-00C04F79EFBC}") = "Microsoft.OData.Core.Portable45", "src\Microsoft.OData.Core\Microsoft.OData.Core.Portable45.csproj", "{3A553748-BFCD-4D2C-BA62-18BE5983AB45}"
EndProject
Global
	GlobalSection(SolutionConfigurationPlatforms) = preSolution
		Cover|Any CPU = Cover|Any CPU
		Cover|ARM = Cover|ARM
		Cover|x64 = Cover|x64
		Cover|x86 = Cover|x86
		Debug|Any CPU = Debug|Any CPU
		Debug|ARM = Debug|ARM
		Debug|x64 = Debug|x64
		Debug|x86 = Debug|x86
		Release|Any CPU = Release|Any CPU
		Release|ARM = Release|ARM
		Release|x64 = Release|x64
		Release|x86 = Release|x86
	EndGlobalSection
	GlobalSection(ProjectConfigurationPlatforms) = postSolution
		{B8A99324-38FB-4A08-B014-B6A1AFCB4C25}.Cover|Any CPU.ActiveCfg = Release|x86
		{B8A99324-38FB-4A08-B014-B6A1AFCB4C25}.Cover|Any CPU.Build.0 = Release|x86
		{B8A99324-38FB-4A08-B014-B6A1AFCB4C25}.Cover|Any CPU.Deploy.0 = Release|x86
		{B8A99324-38FB-4A08-B014-B6A1AFCB4C25}.Cover|ARM.ActiveCfg = Release|ARM
		{B8A99324-38FB-4A08-B014-B6A1AFCB4C25}.Cover|ARM.Build.0 = Release|ARM
		{B8A99324-38FB-4A08-B014-B6A1AFCB4C25}.Cover|ARM.Deploy.0 = Release|ARM
		{B8A99324-38FB-4A08-B014-B6A1AFCB4C25}.Cover|x64.ActiveCfg = Release|x64
		{B8A99324-38FB-4A08-B014-B6A1AFCB4C25}.Cover|x64.Build.0 = Release|x64
		{B8A99324-38FB-4A08-B014-B6A1AFCB4C25}.Cover|x64.Deploy.0 = Release|x64
		{B8A99324-38FB-4A08-B014-B6A1AFCB4C25}.Cover|x86.ActiveCfg = Release|x86
		{B8A99324-38FB-4A08-B014-B6A1AFCB4C25}.Cover|x86.Build.0 = Release|x86
		{B8A99324-38FB-4A08-B014-B6A1AFCB4C25}.Cover|x86.Deploy.0 = Release|x86
		{B8A99324-38FB-4A08-B014-B6A1AFCB4C25}.Debug|Any CPU.ActiveCfg = Debug|x86
		{B8A99324-38FB-4A08-B014-B6A1AFCB4C25}.Debug|ARM.ActiveCfg = Debug|ARM
		{B8A99324-38FB-4A08-B014-B6A1AFCB4C25}.Debug|ARM.Build.0 = Debug|ARM
		{B8A99324-38FB-4A08-B014-B6A1AFCB4C25}.Debug|ARM.Deploy.0 = Debug|ARM
		{B8A99324-38FB-4A08-B014-B6A1AFCB4C25}.Debug|x64.ActiveCfg = Debug|x64
		{B8A99324-38FB-4A08-B014-B6A1AFCB4C25}.Debug|x64.Build.0 = Debug|x64
		{B8A99324-38FB-4A08-B014-B6A1AFCB4C25}.Debug|x64.Deploy.0 = Debug|x64
		{B8A99324-38FB-4A08-B014-B6A1AFCB4C25}.Debug|x86.ActiveCfg = Debug|x86
		{B8A99324-38FB-4A08-B014-B6A1AFCB4C25}.Debug|x86.Build.0 = Debug|x86
		{B8A99324-38FB-4A08-B014-B6A1AFCB4C25}.Debug|x86.Deploy.0 = Debug|x86
		{B8A99324-38FB-4A08-B014-B6A1AFCB4C25}.Release|Any CPU.ActiveCfg = Release|x86
		{B8A99324-38FB-4A08-B014-B6A1AFCB4C25}.Release|ARM.ActiveCfg = Release|ARM
		{B8A99324-38FB-4A08-B014-B6A1AFCB4C25}.Release|ARM.Build.0 = Release|ARM
		{B8A99324-38FB-4A08-B014-B6A1AFCB4C25}.Release|ARM.Deploy.0 = Release|ARM
		{B8A99324-38FB-4A08-B014-B6A1AFCB4C25}.Release|x64.ActiveCfg = Release|x64
		{B8A99324-38FB-4A08-B014-B6A1AFCB4C25}.Release|x64.Build.0 = Release|x64
		{B8A99324-38FB-4A08-B014-B6A1AFCB4C25}.Release|x64.Deploy.0 = Release|x64
		{B8A99324-38FB-4A08-B014-B6A1AFCB4C25}.Release|x86.ActiveCfg = Release|x86
		{B8A99324-38FB-4A08-B014-B6A1AFCB4C25}.Release|x86.Build.0 = Release|x86
		{B8A99324-38FB-4A08-B014-B6A1AFCB4C25}.Release|x86.Deploy.0 = Release|x86
		{AED0DC9D-76E5-4145-AF5E-9E2F856F4D18}.Cover|Any CPU.ActiveCfg = Cover|Any CPU
		{AED0DC9D-76E5-4145-AF5E-9E2F856F4D18}.Cover|Any CPU.Build.0 = Cover|Any CPU
		{AED0DC9D-76E5-4145-AF5E-9E2F856F4D18}.Cover|ARM.ActiveCfg = Cover|Any CPU
		{AED0DC9D-76E5-4145-AF5E-9E2F856F4D18}.Cover|ARM.Build.0 = Cover|Any CPU
		{AED0DC9D-76E5-4145-AF5E-9E2F856F4D18}.Cover|x64.ActiveCfg = Cover|x64
		{AED0DC9D-76E5-4145-AF5E-9E2F856F4D18}.Cover|x64.Build.0 = Cover|x64
		{AED0DC9D-76E5-4145-AF5E-9E2F856F4D18}.Cover|x86.ActiveCfg = Cover|x86
		{AED0DC9D-76E5-4145-AF5E-9E2F856F4D18}.Cover|x86.Build.0 = Cover|x86
		{AED0DC9D-76E5-4145-AF5E-9E2F856F4D18}.Debug|Any CPU.ActiveCfg = Debug|Any CPU
		{AED0DC9D-76E5-4145-AF5E-9E2F856F4D18}.Debug|Any CPU.Build.0 = Debug|Any CPU
		{AED0DC9D-76E5-4145-AF5E-9E2F856F4D18}.Debug|ARM.ActiveCfg = Debug|Any CPU
		{AED0DC9D-76E5-4145-AF5E-9E2F856F4D18}.Debug|ARM.Build.0 = Debug|Any CPU
		{AED0DC9D-76E5-4145-AF5E-9E2F856F4D18}.Debug|x64.ActiveCfg = Debug|x64
		{AED0DC9D-76E5-4145-AF5E-9E2F856F4D18}.Debug|x64.Build.0 = Debug|x64
		{AED0DC9D-76E5-4145-AF5E-9E2F856F4D18}.Debug|x86.ActiveCfg = Debug|x86
		{AED0DC9D-76E5-4145-AF5E-9E2F856F4D18}.Debug|x86.Build.0 = Debug|x86
		{AED0DC9D-76E5-4145-AF5E-9E2F856F4D18}.Release|Any CPU.ActiveCfg = Release|Any CPU
		{AED0DC9D-76E5-4145-AF5E-9E2F856F4D18}.Release|Any CPU.Build.0 = Release|Any CPU
		{AED0DC9D-76E5-4145-AF5E-9E2F856F4D18}.Release|ARM.ActiveCfg = Release|Any CPU
		{AED0DC9D-76E5-4145-AF5E-9E2F856F4D18}.Release|ARM.Build.0 = Release|Any CPU
		{AED0DC9D-76E5-4145-AF5E-9E2F856F4D18}.Release|x64.ActiveCfg = Release|x64
		{AED0DC9D-76E5-4145-AF5E-9E2F856F4D18}.Release|x64.Build.0 = Release|x64
		{AED0DC9D-76E5-4145-AF5E-9E2F856F4D18}.Release|x86.ActiveCfg = Release|x86
		{AED0DC9D-76E5-4145-AF5E-9E2F856F4D18}.Release|x86.Build.0 = Release|x86
		{BE8B8A4C-F717-419A-BB33-1F7B4F92D22A}.Cover|Any CPU.ActiveCfg = Cover|Any CPU
		{BE8B8A4C-F717-419A-BB33-1F7B4F92D22A}.Cover|Any CPU.Build.0 = Cover|Any CPU
		{BE8B8A4C-F717-419A-BB33-1F7B4F92D22A}.Cover|ARM.ActiveCfg = Cover|Any CPU
		{BE8B8A4C-F717-419A-BB33-1F7B4F92D22A}.Cover|ARM.Build.0 = Cover|Any CPU
		{BE8B8A4C-F717-419A-BB33-1F7B4F92D22A}.Cover|x64.ActiveCfg = Cover|x64
		{BE8B8A4C-F717-419A-BB33-1F7B4F92D22A}.Cover|x64.Build.0 = Cover|x64
		{BE8B8A4C-F717-419A-BB33-1F7B4F92D22A}.Cover|x86.ActiveCfg = Cover|x86
		{BE8B8A4C-F717-419A-BB33-1F7B4F92D22A}.Cover|x86.Build.0 = Cover|x86
		{BE8B8A4C-F717-419A-BB33-1F7B4F92D22A}.Debug|Any CPU.ActiveCfg = Debug|Any CPU
		{BE8B8A4C-F717-419A-BB33-1F7B4F92D22A}.Debug|Any CPU.Build.0 = Debug|Any CPU
		{BE8B8A4C-F717-419A-BB33-1F7B4F92D22A}.Debug|ARM.ActiveCfg = Debug|Any CPU
		{BE8B8A4C-F717-419A-BB33-1F7B4F92D22A}.Debug|ARM.Build.0 = Debug|Any CPU
		{BE8B8A4C-F717-419A-BB33-1F7B4F92D22A}.Debug|x64.ActiveCfg = Debug|x64
		{BE8B8A4C-F717-419A-BB33-1F7B4F92D22A}.Debug|x64.Build.0 = Debug|x64
		{BE8B8A4C-F717-419A-BB33-1F7B4F92D22A}.Debug|x86.ActiveCfg = Debug|x86
		{BE8B8A4C-F717-419A-BB33-1F7B4F92D22A}.Debug|x86.Build.0 = Debug|x86
		{BE8B8A4C-F717-419A-BB33-1F7B4F92D22A}.Release|Any CPU.ActiveCfg = Release|Any CPU
		{BE8B8A4C-F717-419A-BB33-1F7B4F92D22A}.Release|Any CPU.Build.0 = Release|Any CPU
		{BE8B8A4C-F717-419A-BB33-1F7B4F92D22A}.Release|ARM.ActiveCfg = Release|Any CPU
		{BE8B8A4C-F717-419A-BB33-1F7B4F92D22A}.Release|ARM.Build.0 = Release|Any CPU
		{BE8B8A4C-F717-419A-BB33-1F7B4F92D22A}.Release|x64.ActiveCfg = Release|x64
		{BE8B8A4C-F717-419A-BB33-1F7B4F92D22A}.Release|x64.Build.0 = Release|x64
		{BE8B8A4C-F717-419A-BB33-1F7B4F92D22A}.Release|x86.ActiveCfg = Release|x86
		{BE8B8A4C-F717-419A-BB33-1F7B4F92D22A}.Release|x86.Build.0 = Release|x86
		{8087F595-537B-4D35-9093-C9A79A4D93C4}.Cover|Any CPU.ActiveCfg = Cover|Any CPU
		{8087F595-537B-4D35-9093-C9A79A4D93C4}.Cover|Any CPU.Build.0 = Cover|Any CPU
		{8087F595-537B-4D35-9093-C9A79A4D93C4}.Cover|ARM.ActiveCfg = Cover|Any CPU
		{8087F595-537B-4D35-9093-C9A79A4D93C4}.Cover|ARM.Build.0 = Cover|Any CPU
		{8087F595-537B-4D35-9093-C9A79A4D93C4}.Cover|x64.ActiveCfg = Cover|x64
		{8087F595-537B-4D35-9093-C9A79A4D93C4}.Cover|x64.Build.0 = Cover|x64
		{8087F595-537B-4D35-9093-C9A79A4D93C4}.Cover|x86.ActiveCfg = Cover|x86
		{8087F595-537B-4D35-9093-C9A79A4D93C4}.Cover|x86.Build.0 = Cover|x86
		{8087F595-537B-4D35-9093-C9A79A4D93C4}.Debug|Any CPU.ActiveCfg = Debug|Any CPU
		{8087F595-537B-4D35-9093-C9A79A4D93C4}.Debug|Any CPU.Build.0 = Debug|Any CPU
		{8087F595-537B-4D35-9093-C9A79A4D93C4}.Debug|ARM.ActiveCfg = Debug|Any CPU
		{8087F595-537B-4D35-9093-C9A79A4D93C4}.Debug|ARM.Build.0 = Debug|Any CPU
		{8087F595-537B-4D35-9093-C9A79A4D93C4}.Debug|x64.ActiveCfg = Debug|x64
		{8087F595-537B-4D35-9093-C9A79A4D93C4}.Debug|x64.Build.0 = Debug|x64
		{8087F595-537B-4D35-9093-C9A79A4D93C4}.Debug|x86.ActiveCfg = Debug|x86
		{8087F595-537B-4D35-9093-C9A79A4D93C4}.Debug|x86.Build.0 = Debug|x86
		{8087F595-537B-4D35-9093-C9A79A4D93C4}.Release|Any CPU.ActiveCfg = Release|Any CPU
		{8087F595-537B-4D35-9093-C9A79A4D93C4}.Release|Any CPU.Build.0 = Release|Any CPU
		{8087F595-537B-4D35-9093-C9A79A4D93C4}.Release|ARM.ActiveCfg = Release|Any CPU
		{8087F595-537B-4D35-9093-C9A79A4D93C4}.Release|ARM.Build.0 = Release|Any CPU
		{8087F595-537B-4D35-9093-C9A79A4D93C4}.Release|x64.ActiveCfg = Release|x64
		{8087F595-537B-4D35-9093-C9A79A4D93C4}.Release|x64.Build.0 = Release|x64
		{8087F595-537B-4D35-9093-C9A79A4D93C4}.Release|x86.ActiveCfg = Release|x86
		{8087F595-537B-4D35-9093-C9A79A4D93C4}.Release|x86.Build.0 = Release|x86
		{3A553748-BFCD-4D2C-BA62-18BE5983AB45}.Cover|Any CPU.ActiveCfg = Cover|Any CPU
		{3A553748-BFCD-4D2C-BA62-18BE5983AB45}.Cover|Any CPU.Build.0 = Cover|Any CPU
		{3A553748-BFCD-4D2C-BA62-18BE5983AB45}.Cover|ARM.ActiveCfg = Cover|Any CPU
		{3A553748-BFCD-4D2C-BA62-18BE5983AB45}.Cover|ARM.Build.0 = Cover|Any CPU
		{3A553748-BFCD-4D2C-BA62-18BE5983AB45}.Cover|x64.ActiveCfg = Cover|x64
		{3A553748-BFCD-4D2C-BA62-18BE5983AB45}.Cover|x64.Build.0 = Cover|x64
		{3A553748-BFCD-4D2C-BA62-18BE5983AB45}.Cover|x86.ActiveCfg = Cover|x86
		{3A553748-BFCD-4D2C-BA62-18BE5983AB45}.Cover|x86.Build.0 = Cover|x86
		{3A553748-BFCD-4D2C-BA62-18BE5983AB45}.Debug|Any CPU.ActiveCfg = Debug|Any CPU
		{3A553748-BFCD-4D2C-BA62-18BE5983AB45}.Debug|Any CPU.Build.0 = Debug|Any CPU
		{3A553748-BFCD-4D2C-BA62-18BE5983AB45}.Debug|ARM.ActiveCfg = Debug|Any CPU
		{3A553748-BFCD-4D2C-BA62-18BE5983AB45}.Debug|ARM.Build.0 = Debug|Any CPU
		{3A553748-BFCD-4D2C-BA62-18BE5983AB45}.Debug|x64.ActiveCfg = Debug|x64
		{3A553748-BFCD-4D2C-BA62-18BE5983AB45}.Debug|x64.Build.0 = Debug|x64
		{3A553748-BFCD-4D2C-BA62-18BE5983AB45}.Debug|x86.ActiveCfg = Debug|x86
		{3A553748-BFCD-4D2C-BA62-18BE5983AB45}.Debug|x86.Build.0 = Debug|x86
		{3A553748-BFCD-4D2C-BA62-18BE5983AB45}.Release|Any CPU.ActiveCfg = Release|Any CPU
		{3A553748-BFCD-4D2C-BA62-18BE5983AB45}.Release|Any CPU.Build.0 = Release|Any CPU
		{3A553748-BFCD-4D2C-BA62-18BE5983AB45}.Release|ARM.ActiveCfg = Release|Any CPU
		{3A553748-BFCD-4D2C-BA62-18BE5983AB45}.Release|ARM.Build.0 = Release|Any CPU
		{3A553748-BFCD-4D2C-BA62-18BE5983AB45}.Release|x64.ActiveCfg = Release|x64
		{3A553748-BFCD-4D2C-BA62-18BE5983AB45}.Release|x64.Build.0 = Release|x64
		{3A553748-BFCD-4D2C-BA62-18BE5983AB45}.Release|x86.ActiveCfg = Release|x86
		{3A553748-BFCD-4D2C-BA62-18BE5983AB45}.Release|x86.Build.0 = Release|x86
	EndGlobalSection
	GlobalSection(SolutionProperties) = preSolution
		HideSolutionNode = FALSE
	EndGlobalSection
EndGlobal
